// !$*UTF8*$!
{
	archiveVersion = 1;
	classes = {
	};
	objectVersion = 46;
	objects = {

/* Begin PBXBuildFile section */
		15004B1F1C22BD8F00497BB4 /* AppDelegate.swift in Sources */ = {isa = PBXBuildFile; fileRef = 15004B1E1C22BD8F00497BB4 /* AppDelegate.swift */; };
		15004B211C22BD8F00497BB4 /* ViewController.swift in Sources */ = {isa = PBXBuildFile; fileRef = 15004B201C22BD8F00497BB4 /* ViewController.swift */; };
		15004B241C22BD8F00497BB4 /* Main.storyboard in Resources */ = {isa = PBXBuildFile; fileRef = 15004B221C22BD8F00497BB4 /* Main.storyboard */; };
		15004B271C22BD8F00497BB4 /* SwiftyUIExtension.xcdatamodeld in Sources */ = {isa = PBXBuildFile; fileRef = 15004B251C22BD8F00497BB4 /* SwiftyUIExtension.xcdatamodeld */; };
		15004B291C22BD8F00497BB4 /* Assets.xcassets in Resources */ = {isa = PBXBuildFile; fileRef = 15004B281C22BD8F00497BB4 /* Assets.xcassets */; };
		15004B2C1C22BD8F00497BB4 /* LaunchScreen.storyboard in Resources */ = {isa = PBXBuildFile; fileRef = 15004B2A1C22BD8F00497BB4 /* LaunchScreen.storyboard */; };
		15004B371C22BD8F00497BB4 /* SwiftyUIExtensionTests.swift in Sources */ = {isa = PBXBuildFile; fileRef = 15004B361C22BD8F00497BB4 /* SwiftyUIExtensionTests.swift */; };
		15004B421C22BD8F00497BB4 /* SwiftyUIExtensionUITests.swift in Sources */ = {isa = PBXBuildFile; fileRef = 15004B411C22BD8F00497BB4 /* SwiftyUIExtensionUITests.swift */; };
/* End PBXBuildFile section */

/* Begin PBXContainerItemProxy section */
		15004B331C22BD8F00497BB4 /* PBXContainerItemProxy */ = {
			isa = PBXContainerItemProxy;
			containerPortal = 15004B131C22BD8F00497BB4 /* Project object */;
			proxyType = 1;
			remoteGlobalIDString = 15004B1A1C22BD8F00497BB4;
			remoteInfo = SwiftyUIExtension;
		};
		15004B3E1C22BD8F00497BB4 /* PBXContainerItemProxy */ = {
			isa = PBXContainerItemProxy;
			containerPortal = 15004B131C22BD8F00497BB4 /* Project object */;
			proxyType = 1;
			remoteGlobalIDString = 15004B1A1C22BD8F00497BB4;
			remoteInfo = SwiftyUIExtension;
		};
/* End PBXContainerItemProxy section */

/* Begin PBXFileReference section */
		15004B1B1C22BD8F00497BB4 /* SwiftyUIExtension.app */ = {isa = PBXFileReference; explicitFileType = wrapper.application; includeInIndex = 0; path = SwiftyUIExtension.app; sourceTree = BUILT_PRODUCTS_DIR; };
		15004B1E1C22BD8F00497BB4 /* AppDelegate.swift */ = {isa = PBXFileReference; lastKnownFileType = sourcecode.swift; path = AppDelegate.swift; sourceTree = "<group>"; };
		15004B201C22BD8F00497BB4 /* ViewController.swift */ = {isa = PBXFileReference; lastKnownFileType = sourcecode.swift; path = ViewController.swift; sourceTree = "<group>"; };
		15004B231C22BD8F00497BB4 /* Base */ = {isa = PBXFileReference; lastKnownFileType = file.storyboard; name = Base; path = Base.lproj/Main.storyboard; sourceTree = "<group>"; };
		15004B261C22BD8F00497BB4 /* SwiftyUIExtension.xcdatamodel */ = {isa = PBXFileReference; lastKnownFileType = wrapper.xcdatamodel; path = SwiftyUIExtension.xcdatamodel; sourceTree = "<group>"; };
		15004B281C22BD8F00497BB4 /* Assets.xcassets */ = {isa = PBXFileReference; lastKnownFileType = folder.assetcatalog; path = Assets.xcassets; sourceTree = "<group>"; };
		15004B2B1C22BD8F00497BB4 /* Base */ = {isa = PBXFileReference; lastKnownFileType = file.storyboard; name = Base; path = Base.lproj/LaunchScreen.storyboard; sourceTree = "<group>"; };
		15004B2D1C22BD8F00497BB4 /* Info.plist */ = {isa = PBXFileReference; lastKnownFileType = text.plist.xml; path = Info.plist; sourceTree = "<group>"; };
		15004B321C22BD8F00497BB4 /* SwiftyUIExtensionTests.xctest */ = {isa = PBXFileReference; explicitFileType = wrapper.cfbundle; includeInIndex = 0; path = SwiftyUIExtensionTests.xctest; sourceTree = BUILT_PRODUCTS_DIR; };
		15004B361C22BD8F00497BB4 /* SwiftyUIExtensionTests.swift */ = {isa = PBXFileReference; lastKnownFileType = sourcecode.swift; path = SwiftyUIExtensionTests.swift; sourceTree = "<group>"; };
		15004B381C22BD8F00497BB4 /* Info.plist */ = {isa = PBXFileReference; lastKnownFileType = text.plist.xml; path = Info.plist; sourceTree = "<group>"; };
		15004B3D1C22BD8F00497BB4 /* SwiftyUIExtensionUITests.xctest */ = {isa = PBXFileReference; explicitFileType = wrapper.cfbundle; includeInIndex = 0; path = SwiftyUIExtensionUITests.xctest; sourceTree = BUILT_PRODUCTS_DIR; };
		15004B411C22BD8F00497BB4 /* SwiftyUIExtensionUITests.swift */ = {isa = PBXFileReference; lastKnownFileType = sourcecode.swift; path = SwiftyUIExtensionUITests.swift; sourceTree = "<group>"; };
		15004B431C22BD8F00497BB4 /* Info.plist */ = {isa = PBXFileReference; lastKnownFileType = text.plist.xml; path = Info.plist; sourceTree = "<group>"; };
/* End PBXFileReference section */

/* Begin PBXFrameworksBuildPhase section */
		15004B181C22BD8F00497BB4 /* Frameworks */ = {
			isa = PBXFrameworksBuildPhase;
			buildActionMask = 2147483647;
			files = (
			);
			runOnlyForDeploymentPostprocessing = 0;
		};
		15004B2F1C22BD8F00497BB4 /* Frameworks */ = {
			isa = PBXFrameworksBuildPhase;
			buildActionMask = 2147483647;
			files = (
			);
			runOnlyForDeploymentPostprocessing = 0;
		};
		15004B3A1C22BD8F00497BB4 /* Frameworks */ = {
			isa = PBXFrameworksBuildPhase;
			buildActionMask = 2147483647;
			files = (
			);
			runOnlyForDeploymentPostprocessing = 0;
		};
/* End PBXFrameworksBuildPhase section */

/* Begin PBXGroup section */
		15004B121C22BD8F00497BB4 = {
			isa = PBXGroup;
			children = (
				15004B1D1C22BD8F00497BB4 /* SwiftyUIExtension */,
				15004B351C22BD8F00497BB4 /* SwiftyUIExtensionTests */,
				15004B401C22BD8F00497BB4 /* SwiftyUIExtensionUITests */,
				15004B1C1C22BD8F00497BB4 /* Products */,
			);
			sourceTree = "<group>";
		};
		15004B1C1C22BD8F00497BB4 /* Products */ = {
			isa = PBXGroup;
			children = (
				15004B1B1C22BD8F00497BB4 /* SwiftyUIExtension.app */,
				15004B321C22BD8F00497BB4 /* SwiftyUIExtensionTests.xctest */,
				15004B3D1C22BD8F00497BB4 /* SwiftyUIExtensionUITests.xctest */,
			);
			name = Products;
			sourceTree = "<group>";
		};
		15004B1D1C22BD8F00497BB4 /* SwiftyUIExtension */ = {
			isa = PBXGroup;
			children = (
				15004B1E1C22BD8F00497BB4 /* AppDelegate.swift */,
				15004B201C22BD8F00497BB4 /* ViewController.swift */,
				15004B221C22BD8F00497BB4 /* Main.storyboard */,
				15004B281C22BD8F00497BB4 /* Assets.xcassets */,
				15004B2A1C22BD8F00497BB4 /* LaunchScreen.storyboard */,
				15004B2D1C22BD8F00497BB4 /* Info.plist */,
				15004B251C22BD8F00497BB4 /* SwiftyUIExtension.xcdatamodeld */,
			);
			path = SwiftyUIExtension;
			sourceTree = "<group>";
		};
		15004B351C22BD8F00497BB4 /* SwiftyUIExtensionTests */ = {
			isa = PBXGroup;
			children = (
				15004B361C22BD8F00497BB4 /* SwiftyUIExtensionTests.swift */,
				15004B381C22BD8F00497BB4 /* Info.plist */,
			);
			path = SwiftyUIExtensionTests;
			sourceTree = "<group>";
		};
		15004B401C22BD8F00497BB4 /* SwiftyUIExtensionUITests */ = {
			isa = PBXGroup;
			children = (
				15004B411C22BD8F00497BB4 /* SwiftyUIExtensionUITests.swift */,
				15004B431C22BD8F00497BB4 /* Info.plist */,
			);
			path = SwiftyUIExtensionUITests;
			sourceTree = "<group>";
		};
/* End PBXGroup section */

/* Begin PBXNativeTarget section */
		15004B1A1C22BD8F00497BB4 /* SwiftyUIExtension */ = {
			isa = PBXNativeTarget;
			buildConfigurationList = 15004B461C22BD8F00497BB4 /* Build configuration list for PBXNativeTarget "SwiftyUIExtension" */;
			buildPhases = (
				15004B171C22BD8F00497BB4 /* Sources */,
				15004B181C22BD8F00497BB4 /* Frameworks */,
				15004B191C22BD8F00497BB4 /* Resources */,
			);
			buildRules = (
			);
			dependencies = (
			);
			name = SwiftyUIExtension;
			productName = SwiftyUIExtension;
			productReference = 15004B1B1C22BD8F00497BB4 /* SwiftyUIExtension.app */;
			productType = "com.apple.product-type.application";
		};
		15004B311C22BD8F00497BB4 /* SwiftyUIExtensionTests */ = {
			isa = PBXNativeTarget;
			buildConfigurationList = 15004B491C22BD8F00497BB4 /* Build configuration list for PBXNativeTarget "SwiftyUIExtensionTests" */;
			buildPhases = (
				15004B2E1C22BD8F00497BB4 /* Sources */,
				15004B2F1C22BD8F00497BB4 /* Frameworks */,
				15004B301C22BD8F00497BB4 /* Resources */,
			);
			buildRules = (
			);
			dependencies = (
				15004B341C22BD8F00497BB4 /* PBXTargetDependency */,
			);
			name = SwiftyUIExtensionTests;
			productName = SwiftyUIExtensionTests;
			productReference = 15004B321C22BD8F00497BB4 /* SwiftyUIExtensionTests.xctest */;
			productType = "com.apple.product-type.bundle.unit-test";
		};
		15004B3C1C22BD8F00497BB4 /* SwiftyUIExtensionUITests */ = {
			isa = PBXNativeTarget;
			buildConfigurationList = 15004B4C1C22BD8F00497BB4 /* Build configuration list for PBXNativeTarget "SwiftyUIExtensionUITests" */;
			buildPhases = (
				15004B391C22BD8F00497BB4 /* Sources */,
				15004B3A1C22BD8F00497BB4 /* Frameworks */,
				15004B3B1C22BD8F00497BB4 /* Resources */,
			);
			buildRules = (
			);
			dependencies = (
				15004B3F1C22BD8F00497BB4 /* PBXTargetDependency */,
			);
			name = SwiftyUIExtensionUITests;
			productName = SwiftyUIExtensionUITests;
			productReference = 15004B3D1C22BD8F00497BB4 /* SwiftyUIExtensionUITests.xctest */;
			productType = "com.apple.product-type.bundle.ui-testing";
		};
/* End PBXNativeTarget section */

/* Begin PBXProject section */
		15004B131C22BD8F00497BB4 /* Project object */ = {
			isa = PBXProject;
			attributes = {
				LastSwiftUpdateCheck = 0720;
				LastUpgradeCheck = 0720;
				ORGANIZATIONNAME = "Sugam Kalra";
				TargetAttributes = {
					15004B1A1C22BD8F00497BB4 = {
						CreatedOnToolsVersion = 7.2;
					};
					15004B311C22BD8F00497BB4 = {
						CreatedOnToolsVersion = 7.2;
						TestTargetID = 15004B1A1C22BD8F00497BB4;
					};
					15004B3C1C22BD8F00497BB4 = {
						CreatedOnToolsVersion = 7.2;
						TestTargetID = 15004B1A1C22BD8F00497BB4;
					};
				};
			};
			buildConfigurationList = 15004B161C22BD8F00497BB4 /* Build configuration list for PBXProject "SwiftyUIExtension" */;
			compatibilityVersion = "Xcode 3.2";
			developmentRegion = English;
			hasScannedForEncodings = 0;
			knownRegions = (
				en,
				Base,
			);
			mainGroup = 15004B121C22BD8F00497BB4;
			productRefGroup = 15004B1C1C22BD8F00497BB4 /* Products */;
			projectDirPath = "";
			projectRoot = "";
			targets = (
				15004B1A1C22BD8F00497BB4 /* SwiftyUIExtension */,
				15004B311C22BD8F00497BB4 /* SwiftyUIExtensionTests */,
				15004B3C1C22BD8F00497BB4 /* SwiftyUIExtensionUITests */,
			);
		};
/* End PBXProject section */

/* Begin PBXResourcesBuildPhase section */
		15004B191C22BD8F00497BB4 /* Resources */ = {
			isa = PBXResourcesBuildPhase;
			buildActionMask = 2147483647;
			files = (
				15004B2C1C22BD8F00497BB4 /* LaunchScreen.storyboard in Resources */,
				15004B291C22BD8F00497BB4 /* Assets.xcassets in Resources */,
				15004B241C22BD8F00497BB4 /* Main.storyboard in Resources */,
			);
			runOnlyForDeploymentPostprocessing = 0;
		};
		15004B301C22BD8F00497BB4 /* Resources */ = {
			isa = PBXResourcesBuildPhase;
			buildActionMask = 2147483647;
			files = (
			);
			runOnlyForDeploymentPostprocessing = 0;
		};
		15004B3B1C22BD8F00497BB4 /* Resources */ = {
			isa = PBXResourcesBuildPhase;
			buildActionMask = 2147483647;
			files = (
			);
			runOnlyForDeploymentPostprocessing = 0;
		};
/* End PBXResourcesBuildPhase section */

/* Begin PBXSourcesBuildPhase section */
		15004B171C22BD8F00497BB4 /* Sources */ = {
			isa = PBXSourcesBuildPhase;
			buildActionMask = 2147483647;
			files = (
				15004B211C22BD8F00497BB4 /* ViewController.swift in Sources */,
				15004B271C22BD8F00497BB4 /* SwiftyUIExtension.xcdatamodeld in Sources */,
				15004B1F1C22BD8F00497BB4 /* AppDelegate.swift in Sources */,
			);
			runOnlyForDeploymentPostprocessing = 0;
		};
		15004B2E1C22BD8F00497BB4 /* Sources */ = {
			isa = PBXSourcesBuildPhase;
			buildActionMask = 2147483647;
			files = (
				15004B371C22BD8F00497BB4 /* SwiftyUIExtensionTests.swift in Sources */,
			);
			runOnlyForDeploymentPostprocessing = 0;
		};
		15004B391C22BD8F00497BB4 /* Sources */ = {
			isa = PBXSourcesBuildPhase;
			buildActionMask = 2147483647;
			files = (
				15004B421C22BD8F00497BB4 /* SwiftyUIExtensionUITests.swift in Sources */,
			);
			runOnlyForDeploymentPostprocessing = 0;
		};
/* End PBXSourcesBuildPhase section */

/* Begin PBXTargetDependency section */
		15004B341C22BD8F00497BB4 /* PBXTargetDependency */ = {
			isa = PBXTargetDependency;
			target = 15004B1A1C22BD8F00497BB4 /* SwiftyUIExtension */;
			targetProxy = 15004B331C22BD8F00497BB4 /* PBXContainerItemProxy */;
		};
		15004B3F1C22BD8F00497BB4 /* PBXTargetDependency */ = {
			isa = PBXTargetDependency;
			target = 15004B1A1C22BD8F00497BB4 /* SwiftyUIExtension */;
			targetProxy = 15004B3E1C22BD8F00497BB4 /* PBXContainerItemProxy */;
		};
/* End PBXTargetDependency section */

/* Begin PBXVariantGroup section */
		15004B221C22BD8F00497BB4 /* Main.storyboard */ = {
			isa = PBXVariantGroup;
			children = (
				15004B231C22BD8F00497BB4 /* Base */,
			);
			name = Main.storyboard;
			sourceTree = "<group>";
		};
		15004B2A1C22BD8F00497BB4 /* LaunchScreen.storyboard */ = {
			isa = PBXVariantGroup;
			children = (
				15004B2B1C22BD8F00497BB4 /* Base */,
			);
			name = LaunchScreen.storyboard;
			sourceTree = "<group>";
		};
/* End PBXVariantGroup section */

/* Begin XCBuildConfiguration section */
		15004B441C22BD8F00497BB4 /* Debug */ = {
			isa = XCBuildConfiguration;
			buildSettings = {
				ALWAYS_SEARCH_USER_PATHS = NO;
				CLANG_CXX_LANGUAGE_STANDARD = "gnu++0x";
				CLANG_CXX_LIBRARY = "libc++";
				CLANG_ENABLE_MODULES = YES;
				CLANG_ENABLE_OBJC_ARC = YES;
				CLANG_WARN_BOOL_CONVERSION = YES;
				CLANG_WARN_CONSTANT_CONVERSION = YES;
				CLANG_WARN_DIRECT_OBJC_ISA_USAGE = YES_ERROR;
				CLANG_WARN_EMPTY_BODY = YES;
				CLANG_WARN_ENUM_CONVERSION = YES;
				CLANG_WARN_INT_CONVERSION = YES;
				CLANG_WARN_OBJC_ROOT_CLASS = YES_ERROR;
				CLANG_WARN_UNREACHABLE_CODE = YES;
				CLANG_WARN__DUPLICATE_METHOD_MATCH = YES;
				"CODE_SIGN_IDENTITY[sdk=iphoneos*]" = "iPhone Developer";
				COPY_PHASE_STRIP = NO;
				DEBUG_INFORMATION_FORMAT = dwarf;
				ENABLE_STRICT_OBJC_MSGSEND = YES;
				ENABLE_TESTABILITY = YES;
				GCC_C_LANGUAGE_STANDARD = gnu99;
				GCC_DYNAMIC_NO_PIC = NO;
				GCC_NO_COMMON_BLOCKS = YES;
				GCC_OPTIMIZATION_LEVEL = 0;
				GCC_PREPROCESSOR_DEFINITIONS = (
					"DEBUG=1",
					"$(inherited)",
				);
				GCC_WARN_64_TO_32_BIT_CONVERSION = YES;
				GCC_WARN_ABOUT_RETURN_TYPE = YES_ERROR;
				GCC_WARN_UNDECLARED_SELECTOR = YES;
				GCC_WARN_UNINITIALIZED_AUTOS = YES_AGGRESSIVE;
				GCC_WARN_UNUSED_FUNCTION = YES;
				GCC_WARN_UNUSED_VARIABLE = YES;
				IPHONEOS_DEPLOYMENT_TARGET = 9.2;
				MTL_ENABLE_DEBUG_INFO = YES;
				ONLY_ACTIVE_ARCH = YES;
				SDKROOT = iphoneos;
				SWIFT_OPTIMIZATION_LEVEL = "-Onone";
			};
			name = Debug;
		};
		15004B451C22BD8F00497BB4 /* Release */ = {
			isa = XCBuildConfiguration;
			buildSettings = {
				ALWAYS_SEARCH_USER_PATHS = NO;
				CLANG_CXX_LANGUAGE_STANDARD = "gnu++0x";
				CLANG_CXX_LIBRARY = "libc++";
				CLANG_ENABLE_MODULES = YES;
				CLANG_ENABLE_OBJC_ARC = YES;
				CLANG_WARN_BOOL_CONVERSION = YES;
				CLANG_WARN_CONSTANT_CONVERSION = YES;
				CLANG_WARN_DIRECT_OBJC_ISA_USAGE = YES_ERROR;
				CLANG_WARN_EMPTY_BODY = YES;
				CLANG_WARN_ENUM_CONVERSION = YES;
				CLANG_WARN_INT_CONVERSION = YES;
				CLANG_WARN_OBJC_ROOT_CLASS = YES_ERROR;
				CLANG_WARN_UNREACHABLE_CODE = YES;
				CLANG_WARN__DUPLICATE_METHOD_MATCH = YES;
				"CODE_SIGN_IDENTITY[sdk=iphoneos*]" = "iPhone Developer";
				COPY_PHASE_STRIP = NO;
				DEBUG_INFORMATION_FORMAT = "dwarf-with-dsym";
				ENABLE_NS_ASSERTIONS = NO;
				ENABLE_STRICT_OBJC_MSGSEND = YES;
				GCC_C_LANGUAGE_STANDARD = gnu99;
				GCC_NO_COMMON_BLOCKS = YES;
				GCC_WARN_64_TO_32_BIT_CONVERSION = YES;
				GCC_WARN_ABOUT_RETURN_TYPE = YES_ERROR;
				GCC_WARN_UNDECLARED_SELECTOR = YES;
				GCC_WARN_UNINITIALIZED_AUTOS = YES_AGGRESSIVE;
				GCC_WARN_UNUSED_FUNCTION = YES;
				GCC_WARN_UNUSED_VARIABLE = YES;
				IPHONEOS_DEPLOYMENT_TARGET = 9.2;
				MTL_ENABLE_DEBUG_INFO = NO;
				SDKROOT = iphoneos;
				VALIDATE_PRODUCT = YES;
			};
			name = Release;
		};
		15004B471C22BD8F00497BB4 /* Debug */ = {
			isa = XCBuildConfiguration;
			buildSettings = {
				ASSETCATALOG_COMPILER_APPICON_NAME = AppIcon;
				INFOPLIST_FILE = SwiftyUIExtension/Info.plist;
				LD_RUNPATH_SEARCH_PATHS = "$(inherited) @executable_path/Frameworks";
				PRODUCT_BUNDLE_IDENTIFIER = com.Appirio.SwiftyUIExtension;
				PRODUCT_NAME = "$(TARGET_NAME)";
			};
			name = Debug;
		};
		15004B481C22BD8F00497BB4 /* Release */ = {
			isa = XCBuildConfiguration;
			buildSettings = {
				ASSETCATALOG_COMPILER_APPICON_NAME = AppIcon;
				INFOPLIST_FILE = SwiftyUIExtension/Info.plist;
				LD_RUNPATH_SEARCH_PATHS = "$(inherited) @executable_path/Frameworks";
				PRODUCT_BUNDLE_IDENTIFIER = com.Appirio.SwiftyUIExtension;
				PRODUCT_NAME = "$(TARGET_NAME)";
			};
			name = Release;
		};
		15004B4A1C22BD8F00497BB4 /* Debug */ = {
			isa = XCBuildConfiguration;
			buildSettings = {
				BUNDLE_LOADER = "$(TEST_HOST)";
				INFOPLIST_FILE = SwiftyUIExtensionTests/Info.plist;
				LD_RUNPATH_SEARCH_PATHS = "$(inherited) @executable_path/Frameworks @loader_path/Frameworks";
				PRODUCT_BUNDLE_IDENTIFIER = com.Appirio.SwiftyUIExtensionTests;
				PRODUCT_NAME = "$(TARGET_NAME)";
				TEST_HOST = "$(BUILT_PRODUCTS_DIR)/SwiftyUIExtension.app/SwiftyUIExtension";
			};
			name = Debug;
		};
		15004B4B1C22BD8F00497BB4 /* Release */ = {
			isa = XCBuildConfiguration;
			buildSettings = {
				BUNDLE_LOADER = "$(TEST_HOST)";
				INFOPLIST_FILE = SwiftyUIExtensionTests/Info.plist;
				LD_RUNPATH_SEARCH_PATHS = "$(inherited) @executable_path/Frameworks @loader_path/Frameworks";
				PRODUCT_BUNDLE_IDENTIFIER = com.Appirio.SwiftyUIExtensionTests;
				PRODUCT_NAME = "$(TARGET_NAME)";
				TEST_HOST = "$(BUILT_PRODUCTS_DIR)/SwiftyUIExtension.app/SwiftyUIExtension";
			};
			name = Release;
		};
		15004B4D1C22BD8F00497BB4 /* Debug */ = {
			isa = XCBuildConfiguration;
			buildSettings = {
				INFOPLIST_FILE = SwiftyUIExtensionUITests/Info.plist;
				LD_RUNPATH_SEARCH_PATHS = "$(inherited) @executable_path/Frameworks @loader_path/Frameworks";
				PRODUCT_BUNDLE_IDENTIFIER = com.Appirio.SwiftyUIExtensionUITests;
				PRODUCT_NAME = "$(TARGET_NAME)";
				TEST_TARGET_NAME = SwiftyUIExtension;
				USES_XCTRUNNER = YES;
			};
			name = Debug;
		};
		15004B4E1C22BD8F00497BB4 /* Release */ = {
			isa = XCBuildConfiguration;
			buildSettings = {
				INFOPLIST_FILE = SwiftyUIExtensionUITests/Info.plist;
				LD_RUNPATH_SEARCH_PATHS = "$(inherited) @executable_path/Frameworks @loader_path/Frameworks";
				PRODUCT_BUNDLE_IDENTIFIER = com.Appirio.SwiftyUIExtensionUITests;
				PRODUCT_NAME = "$(TARGET_NAME)";
				TEST_TARGET_NAME = SwiftyUIExtension;
				USES_XCTRUNNER = YES;
			};
			name = Release;
		};
/* End XCBuildConfiguration section */

/* Begin XCConfigurationList section */
		15004B161C22BD8F00497BB4 /* Build configuration list for PBXProject "SwiftyUIExtension" */ = {
			isa = XCConfigurationList;
			buildConfigurations = (
				15004B441C22BD8F00497BB4 /* Debug */,
				15004B451C22BD8F00497BB4 /* Release */,
			);
			defaultConfigurationIsVisible = 0;
			defaultConfigurationName = Release;
		};
		15004B461C22BD8F00497BB4 /* Build configuration list for PBXNativeTarget "SwiftyUIExtension" */ = {
			isa = XCConfigurationList;
			buildConfigurations = (
				15004B471C22BD8F00497BB4 /* Debug */,
				15004B481C22BD8F00497BB4 /* Release */,
			);
			defaultConfigurationIsVisible = 0;
		};
		15004B491C22BD8F00497BB4 /* Build configuration list for PBXNativeTarget "SwiftyUIExtensionTests" */ = {
			isa = XCConfigurationList;
			buildConfigurations = (
				15004B4A1C22BD8F00497BB4 /* Debug */,
				15004B4B1C22BD8F00497BB4 /* Release */,
			);
			defaultConfigurationIsVisible = 0;
		};
		15004B4C1C22BD8F00497BB4 /* Build configuration list for PBXNativeTarget "SwiftyUIExtensionUITests" */ = {
			isa = XCConfigurationList;
			buildConfigurations = (
				15004B4D1C22BD8F00497BB4 /* Debug */,
				15004B4E1C22BD8F00497BB4 /* Release */,
			);
			defaultConfigurationIsVisible = 0;
		};
/* End XCConfigurationList section */

/* Begin XCVersionGroup section */
		15004B251C22BD8F00497BB4 /* SwiftyUIExtension.xcdatamodeld */ = {
			isa = XCVersionGroup;
			children = (
				15004B261C22BD8F00497BB4 /* SwiftyUIExtension.xcdatamodel */,
			);
			currentVersion = 15004B261C22BD8F00497BB4 /* SwiftyUIExtension.xcdatamodel */;
			path = SwiftyUIExtension.xcdatamodeld;
			sourceTree = "<group>";
			versionGroupType = wrapper.xcdatamodel;
		};
/* End XCVersionGroup section */
	};
	rootObject = 15004B131C22BD8F00497BB4 /* Project object */;
}
